
Microsoft Visual Studio Solution File, Format Version 12.00
# Visual Studio Version 16
VisualStudioVersion = 16.0.30621.155
MinimumVisualStudioVersion = 10.0.40219.1
Project("{2150E333-8FDC-42A3-9474-1A3956D46DE8}") = "1.Services", "1.Services", "{76A0B977-361E-47B3-9664-FF609FF62C63}"
EndProject
Project("{2150E333-8FDC-42A3-9474-1A3956D46DE8}") = "2.Domains", "2.Domains", "{4C9DCA05-05F7-436C-BE49-694A1082AB57}"
EndProject
Project("{2150E333-8FDC-42A3-9474-1A3956D46DE8}") = "3.Infrastructures", "3.Infrastructures", "{B674ECC9-B880-43EC-97CB-713E4F096821}"
EndProject
Project("{2150E333-8FDC-42A3-9474-1A3956D46DE8}") = "4.Commons", "4.Commons", "{1BC65F0D-4A93-4454-8E2F-0B19A3328FB8}"
EndProject
Project("{2150E333-8FDC-42A3-9474-1A3956D46DE8}") = "5.Testings", "5.Testings", "{F93E8698-D92F-4978-AB00-54CD22939609}"
EndProject
Project("{9A19103F-16F7-4668-BE54-9A1E7A4F7556}") = "Bibliotheque.Api", "0.Bibliotheque.Api\Bibliotheque.Api.csproj", "{45789BA6-5C7C-4237-922D-7FEEEFC31917}"
EndProject
Project("{9A19103F-16F7-4668-BE54-9A1E7A4F7556}") = "Bibliotheque.Queries.Domains", "2.Domains\Bibliotheque.Queries.Domains\Bibliotheque.Queries.Domains.csproj", "{3EE7E756-01FF-4F31-919A-F1112CDD2E66}"
EndProject
Project("{9A19103F-16F7-4668-BE54-9A1E7A4F7556}") = "Bibliotheque.Commands.Domains", "2.Domains\Bibliotheque.Commands.Domains\Bibliotheque.Commands.Domains.csproj", "{55CC6731-960A-4A81-836F-7A7A1A655C14}"
EndProject
Project("{9A19103F-16F7-4668-BE54-9A1E7A4F7556}") = "Bibliotheque.Queries.Infrastructures", "3.Infrastructures\Bibliotheque.Queries.Infrastructures\Bibliotheque.Queries.Infrastructures.csproj", "{8D07DA33-AC10-49FF-8002-A950757C5A99}"
EndProject
Project("{9A19103F-16F7-4668-BE54-9A1E7A4F7556}") = "Bibliotheque.Commands.Infrastructures", "3.Infrastructures\Bibliotheque.Commands.Infrastructures\Bibliotheque.Commands.Infrastructures.csproj", "{4B390FD0-AEDF-4C4A-A2E9-74A32CD634E2}"
EndProject
Project("{9A19103F-16F7-4668-BE54-9A1E7A4F7556}") = "Bibliotheque.Transverse", "4.Commons\Bibliotheque-Core.Transverse\Bibliotheque.Transverse.csproj", "{AD29E684-5FEB-47DD-B597-174A2C929793}"
EndProject
Project("{9A19103F-16F7-4668-BE54-9A1E7A4F7556}") = "Bibliotheque.Services.Contracts", "1.Services\Bibliotheque.Services.Contracts\Bibliotheque.Services.Contracts.csproj", "{20C2C5BA-F557-45C3-9D60-C5EA22839B4A}"
EndProject
Project("{9A19103F-16F7-4668-BE54-9A1E7A4F7556}") = "Bibliotheque.Services.Implementations", "1.Services\Bibliotheque.Services.Implementations\Bibliotheque.Services.Implementations.csproj", "{3C4AD562-39FC-48C5-BEB9-2FB0FD104478}"
EndProject
Project("{FAE04EC0-301F-11D3-BF4B-00C04F79EFBC}") = "Bibliotheque.Specs", "5.Tests\Bibliotheque.Specs\Bibliotheque.Specs.csproj", "{C17700CE-4A70-4464-9D94-1E0BFC2F1351}"
EndProject
Global
	GlobalSection(SolutionConfigurationPlatforms) = preSolution
		Debug|Any CPU = Debug|Any CPU
		Release|Any CPU = Release|Any CPU
	EndGlobalSection
	GlobalSection(ProjectConfigurationPlatforms) = postSolution
		{45789BA6-5C7C-4237-922D-7FEEEFC31917}.Debug|Any CPU.ActiveCfg = Debug|Any CPU
		{45789BA6-5C7C-4237-922D-7FEEEFC31917}.Debug|Any CPU.Build.0 = Debug|Any CPU
		{45789BA6-5C7C-4237-922D-7FEEEFC31917}.Release|Any CPU.ActiveCfg = Release|Any CPU
		{45789BA6-5C7C-4237-922D-7FEEEFC31917}.Release|Any CPU.Build.0 = Release|Any CPU
		{3EE7E756-01FF-4F31-919A-F1112CDD2E66}.Debug|Any CPU.ActiveCfg = Debug|Any CPU
		{3EE7E756-01FF-4F31-919A-F1112CDD2E66}.Debug|Any CPU.Build.0 = Debug|Any CPU
		{3EE7E756-01FF-4F31-919A-F1112CDD2E66}.Release|Any CPU.ActiveCfg = Release|Any CPU
		{3EE7E756-01FF-4F31-919A-F1112CDD2E66}.Release|Any CPU.Build.0 = Release|Any CPU
		{55CC6731-960A-4A81-836F-7A7A1A655C14}.Debug|Any CPU.ActiveCfg = Debug|Any CPU
		{55CC6731-960A-4A81-836F-7A7A1A655C14}.Debug|Any CPU.Build.0 = Debug|Any CPU
		{55CC6731-960A-4A81-836F-7A7A1A655C14}.Release|Any CPU.ActiveCfg = Release|Any CPU
		{55CC6731-960A-4A81-836F-7A7A1A655C14}.Release|Any CPU.Build.0 = Release|Any CPU
		{8D07DA33-AC10-49FF-8002-A950757C5A99}.Debug|Any CPU.ActiveCfg = Debug|Any CPU
		{8D07DA33-AC10-49FF-8002-A950757C5A99}.Debug|Any CPU.Build.0 = Debug|Any CPU
		{8D07DA33-AC10-49FF-8002-A950757C5A99}.Release|Any CPU.ActiveCfg = Release|Any CPU
		{8D07DA33-AC10-49FF-8002-A950757C5A99}.Release|Any CPU.Build.0 = Release|Any CPU
		{4B390FD0-AEDF-4C4A-A2E9-74A32CD634E2}.Debug|Any CPU.ActiveCfg = Debug|Any CPU
		{4B390FD0-AEDF-4C4A-A2E9-74A32CD634E2}.Debug|Any CPU.Build.0 = Debug|Any CPU
		{4B390FD0-AEDF-4C4A-A2E9-74A32CD634E2}.Release|Any CPU.ActiveCfg = Release|Any CPU
		{4B390FD0-AEDF-4C4A-A2E9-74A32CD634E2}.Release|Any CPU.Build.0 = Release|Any CPU
		{AD29E684-5FEB-47DD-B597-174A2C929793}.Debug|Any CPU.ActiveCfg = Debug|Any CPU
		{AD29E684-5FEB-47DD-B597-174A2C929793}.Debug|Any CPU.Build.0 = Debug|Any CPU
		{AD29E684-5FEB-47DD-B597-174A2C929793}.Release|Any CPU.ActiveCfg = Release|Any CPU
		{AD29E684-5FEB-47DD-B597-174A2C929793}.Release|Any CPU.Build.0 = Release|Any CPU
		{20C2C5BA-F557-45C3-9D60-C5EA22839B4A}.Debug|Any CPU.ActiveCfg = Debug|Any CPU
		{20C2C5BA-F557-45C3-9D60-C5EA22839B4A}.Debug|Any CPU.Build.0 = Debug|Any CPU
		{20C2C5BA-F557-45C3-9D60-C5EA22839B4A}.Release|Any CPU.ActiveCfg = Release|Any CPU
		{20C2C5BA-F557-45C3-9D60-C5EA22839B4A}.Release|Any CPU.Build.0 = Release|Any CPU
		{3C4AD562-39FC-48C5-BEB9-2FB0FD104478}.Debug|Any CPU.ActiveCfg = Debug|Any CPU
		{3C4AD562-39FC-48C5-BEB9-2FB0FD104478}.Debug|Any CPU.Build.0 = Debug|Any CPU
		{3C4AD562-39FC-48C5-BEB9-2FB0FD104478}.Release|Any CPU.ActiveCfg = Release|Any CPU
		{3C4AD562-39FC-48C5-BEB9-2FB0FD104478}.Release|Any CPU.Build.0 = Release|Any CPU
		{C17700CE-4A70-4464-9D94-1E0BFC2F1351}.Debug|Any CPU.ActiveCfg = Debug|Any CPU
		{C17700CE-4A70-4464-9D94-1E0BFC2F1351}.Debug|Any CPU.Build.0 = Debug|Any CPU
		{C17700CE-4A70-4464-9D94-1E0BFC2F1351}.Release|Any CPU.ActiveCfg = Release|Any CPU
		{C17700CE-4A70-4464-9D94-1E0BFC2F1351}.Release|Any CPU.Build.0 = Release|Any CPU
	EndGlobalSection
	GlobalSection(SolutionProperties) = preSolution
		HideSolutionNode = FALSE
	EndGlobalSection
	GlobalSection(NestedProjects) = preSolution
		{3EE7E756-01FF-4F31-919A-F1112CDD2E66} = {4C9DCA05-05F7-436C-BE49-694A1082AB57}
		{55CC6731-960A-4A81-836F-7A7A1A655C14} = {4C9DCA05-05F7-436C-BE49-694A1082AB57}
		{8D07DA33-AC10-49FF-8002-A950757C5A99} = {B674ECC9-B880-43EC-97CB-713E4F096821}
		{4B390FD0-AEDF-4C4A-A2E9-74A32CD634E2} = {B674ECC9-B880-43EC-97CB-713E4F096821}
		{AD29E684-5FEB-47DD-B597-174A2C929793} = {1BC65F0D-4A93-4454-8E2F-0B19A3328FB8}
		{20C2C5BA-F557-45C3-9D60-C5EA22839B4A} = {76A0B977-361E-47B3-9664-FF609FF62C63}
		{3C4AD562-39FC-48C5-BEB9-2FB0FD104478} = {76A0B977-361E-47B3-9664-FF609FF62C63}
		{C17700CE-4A70-4464-9D94-1E0BFC2F1351} = {F93E8698-D92F-4978-AB00-54CD22939609}
	EndGlobalSection
	GlobalSection(ExtensibilityGlobals) = postSolution
		SolutionGuid = {2B4C4B7F-D4A4-4F89-92EC-20143A894285}
	EndGlobalSection
EndGlobal
